
Microsoft Visual Studio Solution File, Format Version 12.00
# Visual Studio 2013
VisualStudioVersion = 12.0.31101.0
MinimumVisualStudioVersion = 10.0.40219.1
Project("{FAE04EC0-301F-11D3-BF4B-00C04F79EFBC}") = "01.DeclareVariables", "01.DeclareVariables\01.DeclareVariables.csproj", "{64CB3414-8D66-4DF1-B0D3-5A1AA522F756}"
EndProject
Project("{FAE04EC0-301F-11D3-BF4B-00C04F79EFBC}") = "02.FloatOrDouble", "02.FloatOrDouble\02.FloatOrDouble.csproj", "{2DF18F1D-2B17-4B82-8B0F-7322EAACD8F5}"
EndProject
Project("{FAE04EC0-301F-11D3-BF4B-00C04F79EFBC}") = "03.VariableInHexadecimalFormat", "03.VariableInHexadecimalFormat\03.VariableInHexadecimalFormat.csproj", "{9493557E-348F-431B-AC03-44D6D2F350E6}"
EndProject
Project("{FAE04EC0-301F-11D3-BF4B-00C04F79EFBC}") = "04.UnicodeCharacter", "04.UnicodeCharacter\04.UnicodeCharacter.csproj", "{63A3587C-F396-4D64-B122-8D7F497CE3C9}"
EndProject
Project("{FAE04EC0-301F-11D3-BF4B-00C04F79EFBC}") = "05.BooleanVariable", "05.BooleanVariable\05.BooleanVariable.csproj", "{41921392-5B13-402D-B0E3-2E58CDAFADBC}"
EndProject
Project("{FAE04EC0-301F-11D3-BF4B-00C04F79EFBC}") = "06.StringsAndObjects", "06.StringsAndObjects\06.StringsAndObjects.csproj", "{DC0C3190-0270-4F03-ACB6-726B87831F58}"
EndProject
Project("{FAE04EC0-301F-11D3-BF4B-00C04F79EFBC}") = "07.QuotesInStrings", "07.QuotesInStrings\07.QuotesInStrings.csproj", "{53126747-C8C6-4509-84B9-54DFA1DACE4A}"
EndProject
Project("{FAE04EC0-301F-11D3-BF4B-00C04F79EFBC}") = "08.IsoscelesTriangle", "08.IsoscelesTriangle\08.IsoscelesTriangle.csproj", "{59E45A1A-809F-460B-A6AB-FBEF24174151}"
EndProject
Project("{FAE04EC0-301F-11D3-BF4B-00C04F79EFBC}") = "09.ExchangeVariableValues", "09.ExchangeVariableValues\09.ExchangeVariableValues.csproj", "{4442F524-9D46-41D3-96C6-863065D152F2}"
EndProject
Project("{FAE04EC0-301F-11D3-BF4B-00C04F79EFBC}") = "10.EmployeeData", "10.EmployeeData\10.EmployeeData.csproj", "{49038F96-BED5-4730-9032-7BF53BFFBD6C}"
EndProject
Project("{FAE04EC0-301F-11D3-BF4B-00C04F79EFBC}") = "11.BankAccountData", "11.BankAccountData\11.BankAccountData.csproj", "{1E1436E6-03F7-494E-929A-0FF818C2D8B8}"
EndProject
Project("{FAE04EC0-301F-11D3-BF4B-00C04F79EFBC}") = "12.NullValuesArithmetic", "12.NullValuesArithmetic\12.NullValuesArithmetic.csproj", "{1543B0A6-CDC2-467B-9C81-7BEFF7BDA653}"
EndProject
Project("{FAE04EC0-301F-11D3-BF4B-00C04F79EFBC}") = "13.ComparingFloats", "13.ComparingFloats\13.ComparingFloats.csproj", "{D1CEDC32-04D1-4C57-A899-2C41F3117D91}"
EndProject
Project("{FAE04EC0-301F-11D3-BF4B-00C04F79EFBC}") = "14.PrintTheASCIITable", "14.PrintTheASCIITable\14.PrintTheASCIITable.csproj", "{94FC9082-5489-466D-8D95-E2C9642EA1A3}"
EndProject
Project("{FAE04EC0-301F-11D3-BF4B-00C04F79EFBC}") = "15.TorrentPirate", "15.TorrentPirate\15.TorrentPirate.csproj", "{06BADEAF-37BE-4D89-9936-58B4A0473054}"
EndProject
Project("{FAE04EC0-301F-11D3-BF4B-00C04F79EFBC}") = "16.BasketBattle", "16.BasketBattle\16.BasketBattle.csproj", "{BDA6B4C0-D630-4C68-99F2-E3D4687F9A9F}"
EndProject
Global
	GlobalSection(SolutionConfigurationPlatforms) = preSolution
		Debug|Any CPU = Debug|Any CPU
		Release|Any CPU = Release|Any CPU
	EndGlobalSection
	GlobalSection(ProjectConfigurationPlatforms) = postSolution
		{64CB3414-8D66-4DF1-B0D3-5A1AA522F756}.Debug|Any CPU.ActiveCfg = Debug|Any CPU
		{64CB3414-8D66-4DF1-B0D3-5A1AA522F756}.Debug|Any CPU.Build.0 = Debug|Any CPU
		{64CB3414-8D66-4DF1-B0D3-5A1AA522F756}.Release|Any CPU.ActiveCfg = Release|Any CPU
		{64CB3414-8D66-4DF1-B0D3-5A1AA522F756}.Release|Any CPU.Build.0 = Release|Any CPU
		{2DF18F1D-2B17-4B82-8B0F-7322EAACD8F5}.Debug|Any CPU.ActiveCfg = Debug|Any CPU
		{2DF18F1D-2B17-4B82-8B0F-7322EAACD8F5}.Debug|Any CPU.Build.0 = Debug|Any CPU
		{2DF18F1D-2B17-4B82-8B0F-7322EAACD8F5}.Release|Any CPU.ActiveCfg = Release|Any CPU
		{2DF18F1D-2B17-4B82-8B0F-7322EAACD8F5}.Release|Any CPU.Build.0 = Release|Any CPU
		{9493557E-348F-431B-AC03-44D6D2F350E6}.Debug|Any CPU.ActiveCfg = Debug|Any CPU
		{9493557E-348F-431B-AC03-44D6D2F350E6}.Debug|Any CPU.Build.0 = Debug|Any CPU
		{9493557E-348F-431B-AC03-44D6D2F350E6}.Release|Any CPU.ActiveCfg = Release|Any CPU
		{9493557E-348F-431B-AC03-44D6D2F350E6}.Release|Any CPU.Build.0 = Release|Any CPU
		{63A3587C-F396-4D64-B122-8D7F497CE3C9}.Debug|Any CPU.ActiveCfg = Debug|Any CPU
		{63A3587C-F396-4D64-B122-8D7F497CE3C9}.Debug|Any CPU.Build.0 = Debug|Any CPU
		{63A3587C-F396-4D64-B122-8D7F497CE3C9}.Release|Any CPU.ActiveCfg = Release|Any CPU
		{63A3587C-F396-4D64-B122-8D7F497CE3C9}.Release|Any CPU.Build.0 = Release|Any CPU
		{41921392-5B13-402D-B0E3-2E58CDAFADBC}.Debug|Any CPU.ActiveCfg = Debug|Any CPU
		{41921392-5B13-402D-B0E3-2E58CDAFADBC}.Debug|Any CPU.Build.0 = Debug|Any CPU
		{41921392-5B13-402D-B0E3-2E58CDAFADBC}.Release|Any CPU.ActiveCfg = Release|Any CPU
		{41921392-5B13-402D-B0E3-2E58CDAFADBC}.Release|Any CPU.Build.0 = Release|Any CPU
		{DC0C3190-0270-4F03-ACB6-726B87831F58}.Debug|Any CPU.ActiveCfg = Debug|Any CPU
		{DC0C3190-0270-4F03-ACB6-726B87831F58}.Debug|Any CPU.Build.0 = Debug|Any CPU
		{DC0C3190-0270-4F03-ACB6-726B87831F58}.Release|Any CPU.ActiveCfg = Release|Any CPU
		{DC0C3190-0270-4F03-ACB6-726B87831F58}.Release|Any CPU.Build.0 = Release|Any CPU
		{53126747-C8C6-4509-84B9-54DFA1DACE4A}.Debug|Any CPU.ActiveCfg = Debug|Any CPU
		{53126747-C8C6-4509-84B9-54DFA1DACE4A}.Debug|Any CPU.Build.0 = Debug|Any CPU
		{53126747-C8C6-4509-84B9-54DFA1DACE4A}.Release|Any CPU.ActiveCfg = Release|Any CPU
		{53126747-C8C6-4509-84B9-54DFA1DACE4A}.Release|Any CPU.Build.0 = Release|Any CPU
		{59E45A1A-809F-460B-A6AB-FBEF24174151}.Debug|Any CPU.ActiveCfg = Debug|Any CPU
		{59E45A1A-809F-460B-A6AB-FBEF24174151}.Debug|Any CPU.Build.0 = Debug|Any CPU
		{59E45A1A-809F-460B-A6AB-FBEF24174151}.Release|Any CPU.ActiveCfg = Release|Any CPU
		{59E45A1A-809F-460B-A6AB-FBEF24174151}.Release|Any CPU.Build.0 = Release|Any CPU
		{4442F524-9D46-41D3-96C6-863065D152F2}.Debug|Any CPU.ActiveCfg = Debug|Any CPU
		{4442F524-9D46-41D3-96C6-863065D152F2}.Debug|Any CPU.Build.0 = Debug|Any CPU
		{4442F524-9D46-41D3-96C6-863065D152F2}.Release|Any CPU.ActiveCfg = Release|Any CPU
		{4442F524-9D46-41D3-96C6-863065D152F2}.Release|Any CPU.Build.0 = Release|Any CPU
		{49038F96-BED5-4730-9032-7BF53BFFBD6C}.Debug|Any CPU.ActiveCfg = Debug|Any CPU
		{49038F96-BED5-4730-9032-7BF53BFFBD6C}.Debug|Any CPU.Build.0 = Debug|Any CPU
		{49038F96-BED5-4730-9032-7BF53BFFBD6C}.Release|Any CPU.ActiveCfg = Release|Any CPU
		{49038F96-BED5-4730-9032-7BF53BFFBD6C}.Release|Any CPU.Build.0 = Release|Any CPU
		{1E1436E6-03F7-494E-929A-0FF818C2D8B8}.Debug|Any CPU.ActiveCfg = Debug|Any CPU
		{1E1436E6-03F7-494E-929A-0FF818C2D8B8}.Debug|Any CPU.Build.0 = Debug|Any CPU
		{1E1436E6-03F7-494E-929A-0FF818C2D8B8}.Release|Any CPU.ActiveCfg = Release|Any CPU
		{1E1436E6-03F7-494E-929A-0FF818C2D8B8}.Release|Any CPU.Build.0 = Release|Any CPU
		{1543B0A6-CDC2-467B-9C81-7BEFF7BDA653}.Debug|Any CPU.ActiveCfg = Debug|Any CPU
		{1543B0A6-CDC2-467B-9C81-7BEFF7BDA653}.Debug|Any CPU.Build.0 = Debug|Any CPU
		{1543B0A6-CDC2-467B-9C81-7BEFF7BDA653}.Release|Any CPU.ActiveCfg = Release|Any CPU
		{1543B0A6-CDC2-467B-9C81-7BEFF7BDA653}.Release|Any CPU.Build.0 = Release|Any CPU
		{D1CEDC32-04D1-4C57-A899-2C41F3117D91}.Debug|Any CPU.ActiveCfg = Debug|Any CPU
		{D1CEDC32-04D1-4C57-A899-2C41F3117D91}.Debug|Any CPU.Build.0 = Debug|Any CPU
		{D1CEDC32-04D1-4C57-A899-2C41F3117D91}.Release|Any CPU.ActiveCfg = Release|Any CPU
		{D1CEDC32-04D1-4C57-A899-2C41F3117D91}.Release|Any CPU.Build.0 = Release|Any CPU
		{94FC9082-5489-466D-8D95-E2C9642EA1A3}.Debug|Any CPU.ActiveCfg = Debug|Any CPU
		{94FC9082-5489-466D-8D95-E2C9642EA1A3}.Debug|Any CPU.Build.0 = Debug|Any CPU
		{94FC9082-5489-466D-8D95-E2C9642EA1A3}.Release|Any CPU.ActiveCfg = Release|Any CPU
		{94FC9082-5489-466D-8D95-E2C9642EA1A3}.Release|Any CPU.Build.0 = Release|Any CPU
		{06BADEAF-37BE-4D89-9936-58B4A0473054}.Debug|Any CPU.ActiveCfg = Debug|Any CPU
		{06BADEAF-37BE-4D89-9936-58B4A0473054}.Debug|Any CPU.Build.0 = Debug|Any CPU
		{06BADEAF-37BE-4D89-9936-58B4A0473054}.Release|Any CPU.ActiveCfg = Release|Any CPU
		{06BADEAF-37BE-4D89-9936-58B4A0473054}.Release|Any CPU.Build.0 = Release|Any CPU
		{BDA6B4C0-D630-4C68-99F2-E3D4687F9A9F}.Debug|Any CPU.ActiveCfg = Debug|Any CPU
		{BDA6B4C0-D630-4C68-99F2-E3D4687F9A9F}.Debug|Any CPU.Build.0 = Debug|Any CPU
		{BDA6B4C0-D630-4C68-99F2-E3D4687F9A9F}.Release|Any CPU.ActiveCfg = Release|Any CPU
		{BDA6B4C0-D630-4C68-99F2-E3D4687F9A9F}.Release|Any CPU.Build.0 = Release|Any CPU
	EndGlobalSection
	GlobalSection(SolutionProperties) = preSolution
		HideSolutionNode = FALSE
	EndGlobalSection
EndGlobal
